// !$*UTF8*$!
{
	archiveVersion = 1;
	classes = {
	};
	objectVersion = 56;
	objects = {

/* Begin PBXBuildFile section */
		8491C24B2C6E40AE00A6CC0E /* PruebaTecnicaIDigitalApp.swift in Sources */ = {isa = PBXBuildFile; fileRef = 8491C24A2C6E40AE00A6CC0E /* PruebaTecnicaIDigitalApp.swift */; };
		8491C24F2C6E40AF00A6CC0E /* Assets.xcassets in Resources */ = {isa = PBXBuildFile; fileRef = 8491C24E2C6E40AF00A6CC0E /* Assets.xcassets */; };
		8491C2522C6E40AF00A6CC0E /* Preview Assets.xcassets in Resources */ = {isa = PBXBuildFile; fileRef = 8491C2512C6E40AF00A6CC0E /* Preview Assets.xcassets */; };
		8491C25A2C6E419C00A6CC0E /* NetworkManager.swift in Sources */ = {isa = PBXBuildFile; fileRef = 8491C2592C6E419C00A6CC0E /* NetworkManager.swift */; };
		8491C25D2C6E430E00A6CC0E /* Constansts.swift in Sources */ = {isa = PBXBuildFile; fileRef = 8491C25C2C6E430E00A6CC0E /* Constansts.swift */; };
		8491C2602C6E494C00A6CC0E /* MovieModel.swift in Sources */ = {isa = PBXBuildFile; fileRef = 8491C25F2C6E494C00A6CC0E /* MovieModel.swift */; };
		8491C2662C6E4B3000A6CC0E /* MovieListViewModel.swift in Sources */ = {isa = PBXBuildFile; fileRef = 8491C2652C6E4B3000A6CC0E /* MovieListViewModel.swift */; };
		8491C26B2C6E5B9000A6CC0E /* MovieListView.swift in Sources */ = {isa = PBXBuildFile; fileRef = 8491C26A2C6E5B9000A6CC0E /* MovieListView.swift */; };
		8491C26D2C6E5E3800A6CC0E /* MovieCardView.swift in Sources */ = {isa = PBXBuildFile; fileRef = 8491C26C2C6E5E3800A6CC0E /* MovieCardView.swift */; };
		8491C26F2C6E75E300A6CC0E /* MovieDetailView.swift in Sources */ = {isa = PBXBuildFile; fileRef = 8491C26E2C6E75E300A6CC0E /* MovieDetailView.swift */; };
/* End PBXBuildFile section */

/* Begin PBXFileReference section */
		8491C2472C6E40AE00A6CC0E /* PruebaTecnicaIDigital.app */ = {isa = PBXFileReference; explicitFileType = wrapper.application; includeInIndex = 0; path = PruebaTecnicaIDigital.app; sourceTree = BUILT_PRODUCTS_DIR; };
		8491C24A2C6E40AE00A6CC0E /* PruebaTecnicaIDigitalApp.swift */ = {isa = PBXFileReference; lastKnownFileType = sourcecode.swift; path = PruebaTecnicaIDigitalApp.swift; sourceTree = "<group>"; };
		8491C24E2C6E40AF00A6CC0E /* Assets.xcassets */ = {isa = PBXFileReference; lastKnownFileType = folder.assetcatalog; path = Assets.xcassets; sourceTree = "<group>"; };
		8491C2512C6E40AF00A6CC0E /* Preview Assets.xcassets */ = {isa = PBXFileReference; lastKnownFileType = folder.assetcatalog; path = "Preview Assets.xcassets"; sourceTree = "<group>"; };
		8491C2592C6E419C00A6CC0E /* NetworkManager.swift */ = {isa = PBXFileReference; lastKnownFileType = sourcecode.swift; path = NetworkManager.swift; sourceTree = "<group>"; };
		8491C25C2C6E430E00A6CC0E /* Constansts.swift */ = {isa = PBXFileReference; lastKnownFileType = sourcecode.swift; path = Constansts.swift; sourceTree = "<group>"; };
		8491C25F2C6E494C00A6CC0E /* MovieModel.swift */ = {isa = PBXFileReference; lastKnownFileType = sourcecode.swift; path = MovieModel.swift; sourceTree = "<group>"; };
		8491C2652C6E4B3000A6CC0E /* MovieListViewModel.swift */ = {isa = PBXFileReference; lastKnownFileType = sourcecode.swift; path = MovieListViewModel.swift; sourceTree = "<group>"; };
		8491C26A2C6E5B9000A6CC0E /* MovieListView.swift */ = {isa = PBXFileReference; lastKnownFileType = sourcecode.swift; path = MovieListView.swift; sourceTree = "<group>"; };
		8491C26C2C6E5E3800A6CC0E /* MovieCardView.swift */ = {isa = PBXFileReference; lastKnownFileType = sourcecode.swift; path = MovieCardView.swift; sourceTree = "<group>"; };
		8491C26E2C6E75E300A6CC0E /* MovieDetailView.swift */ = {isa = PBXFileReference; lastKnownFileType = sourcecode.swift; path = MovieDetailView.swift; sourceTree = "<group>"; };
/* End PBXFileReference section */

/* Begin PBXFrameworksBuildPhase section */
		8491C2442C6E40AE00A6CC0E /* Frameworks */ = {
			isa = PBXFrameworksBuildPhase;
			buildActionMask = 2147483647;
			files = (
			);
			runOnlyForDeploymentPostprocessing = 0;
		};
/* End PBXFrameworksBuildPhase section */

/* Begin PBXGroup section */
		8491C23E2C6E40AE00A6CC0E = {
			isa = PBXGroup;
			children = (
				8491C2492C6E40AE00A6CC0E /* PruebaTecnicaIDigital */,
				8491C2482C6E40AE00A6CC0E /* Products */,
			);
			sourceTree = "<group>";
		};
		8491C2482C6E40AE00A6CC0E /* Products */ = {
			isa = PBXGroup;
			children = (
				8491C2472C6E40AE00A6CC0E /* PruebaTecnicaIDigital.app */,
			);
			name = Products;
			sourceTree = "<group>";
		};
		8491C2492C6E40AE00A6CC0E /* PruebaTecnicaIDigital */ = {
			isa = PBXGroup;
			children = (
				8491C2672C6E5B6C00A6CC0E /* view */,
				8491C2642C6E4B2100A6CC0E /* ViewModel */,
				8491C25E2C6E476200A6CC0E /* Model */,
				8491C25B2C6E430000A6CC0E /* Resource */,
				8491C2582C6E418400A6CC0E /* Manager */,
				8491C24A2C6E40AE00A6CC0E /* PruebaTecnicaIDigitalApp.swift */,
				8491C24E2C6E40AF00A6CC0E /* Assets.xcassets */,
				8491C2502C6E40AF00A6CC0E /* Preview Content */,
			);
			path = PruebaTecnicaIDigital;
			sourceTree = "<group>";
		};
		8491C2502C6E40AF00A6CC0E /* Preview Content */ = {
			isa = PBXGroup;
			children = (
				8491C2512C6E40AF00A6CC0E /* Preview Assets.xcassets */,
			);
			path = "Preview Content";
			sourceTree = "<group>";
		};
		8491C2582C6E418400A6CC0E /* Manager */ = {
			isa = PBXGroup;
			children = (
				8491C2592C6E419C00A6CC0E /* NetworkManager.swift */,
			);
			path = Manager;
			sourceTree = "<group>";
		};
		8491C25B2C6E430000A6CC0E /* Resource */ = {
			isa = PBXGroup;
			children = (
				8491C25C2C6E430E00A6CC0E /* Constansts.swift */,
			);
			path = Resource;
			sourceTree = "<group>";
		};
		8491C25E2C6E476200A6CC0E /* Model */ = {
			isa = PBXGroup;
			children = (
				8491C25F2C6E494C00A6CC0E /* MovieModel.swift */,
			);
			path = Model;
			sourceTree = "<group>";
		};
		8491C2642C6E4B2100A6CC0E /* ViewModel */ = {
			isa = PBXGroup;
			children = (
				8491C2652C6E4B3000A6CC0E /* MovieListViewModel.swift */,
			);
			path = ViewModel;
			sourceTree = "<group>";
		};
		8491C2672C6E5B6C00A6CC0E /* view */ = {
			isa = PBXGroup;
			children = (
				8491C26A2C6E5B9000A6CC0E /* MovieListView.swift */,
				8491C26C2C6E5E3800A6CC0E /* MovieCardView.swift */,
				8491C26E2C6E75E300A6CC0E /* MovieDetailView.swift */,
			);
			path = view;
			sourceTree = "<group>";
		};
/* End PBXGroup section */

/* Begin PBXNativeTarget section */
		8491C2462C6E40AE00A6CC0E /* PruebaTecnicaIDigital */ = {
			isa = PBXNativeTarget;
			buildConfigurationList = 8491C2552C6E40AF00A6CC0E /* Build configuration list for PBXNativeTarget "PruebaTecnicaIDigital" */;
			buildPhases = (
				8491C2432C6E40AE00A6CC0E /* Sources */,
				8491C2442C6E40AE00A6CC0E /* Frameworks */,
				8491C2452C6E40AE00A6CC0E /* Resources */,
			);
			buildRules = (
			);
			dependencies = (
			);
			name = PruebaTecnicaIDigital;
			productName = PruebaTecnicaIDigital;
			productReference = 8491C2472C6E40AE00A6CC0E /* PruebaTecnicaIDigital.app */;
			productType = "com.apple.product-type.application";
		};
/* End PBXNativeTarget section */

/* Begin PBXProject section */
		8491C23F2C6E40AE00A6CC0E /* Project object */ = {
			isa = PBXProject;
			attributes = {
				BuildIndependentTargetsInParallel = 1;
				LastSwiftUpdateCheck = 1500;
				LastUpgradeCheck = 1500;
				TargetAttributes = {
					8491C2462C6E40AE00A6CC0E = {
						CreatedOnToolsVersion = 15.0.1;
					};
				};
			};
			buildConfigurationList = 8491C2422C6E40AE00A6CC0E /* Build configuration list for PBXProject "PruebaTecnicaIDigital" */;
			compatibilityVersion = "Xcode 14.0";
			developmentRegion = en;
			hasScannedForEncodings = 0;
			knownRegions = (
				en,
				Base,
			);
			mainGroup = 8491C23E2C6E40AE00A6CC0E;
			productRefGroup = 8491C2482C6E40AE00A6CC0E /* Products */;
			projectDirPath = "";
			projectRoot = "";
			targets = (
				8491C2462C6E40AE00A6CC0E /* PruebaTecnicaIDigital */,
			);
		};
/* End PBXProject section */

/* Begin PBXResourcesBuildPhase section */
		8491C2452C6E40AE00A6CC0E /* Resources */ = {
			isa = PBXResourcesBuildPhase;
			buildActionMask = 2147483647;
			files = (
				8491C2522C6E40AF00A6CC0E /* Preview Assets.xcassets in Resources */,
				8491C24F2C6E40AF00A6CC0E /* Assets.xcassets in Resources */,
			);
			runOnlyForDeploymentPostprocessing = 0;
		};
/* End PBXResourcesBuildPhase section */

/* Begin PBXSourcesBuildPhase section */
		8491C2432C6E40AE00A6CC0E /* Sources */ = {
			isa = PBXSourcesBuildPhase;
			buildActionMask = 2147483647;
			files = (
				8491C25A2C6E419C00A6CC0E /* NetworkManager.swift in Sources */,
				8491C26B2C6E5B9000A6CC0E /* MovieListView.swift in Sources */,
				8491C26F2C6E75E300A6CC0E /* MovieDetailView.swift in Sources */,
				8491C26D2C6E5E3800A6CC0E /* MovieCardView.swift in Sources */,
				8491C2602C6E494C00A6CC0E /* MovieModel.swift in Sources */,
				8491C24B2C6E40AE00A6CC0E /* PruebaTecnicaIDigitalApp.swift in Sources */,
				8491C25D2C6E430E00A6CC0E /* Constansts.swift in Sources */,
				8491C2662C6E4B3000A6CC0E /* MovieListViewModel.swift in Sources */,
			);
			runOnlyForDeploymentPostprocessing = 0;
		};
/* End PBXSourcesBuildPhase section */

/* Begin XCBuildConfiguration section */
		8491C2532C6E40AF00A6CC0E /* Debug */ = {
			isa = XCBuildConfiguration;
			buildSettings = {
				ALWAYS_SEARCH_USER_PATHS = NO;
				ASSETCATALOG_COMPILER_GENERATE_SWIFT_ASSET_SYMBOL_EXTENSIONS = YES;
				CLANG_ANALYZER_NONNULL = YES;
				CLANG_ANALYZER_NUMBER_OBJECT_CONVERSION = YES_AGGRESSIVE;
				CLANG_CXX_LANGUAGE_STANDARD = "gnu++20";
				CLANG_ENABLE_MODULES = YES;
				CLANG_ENABLE_OBJC_ARC = YES;
				CLANG_ENABLE_OBJC_WEAK = YES;
				CLANG_WARN_BLOCK_CAPTURE_AUTORELEASING = YES;
				CLANG_WARN_BOOL_CONVERSION = YES;
				CLANG_WARN_COMMA = YES;
				CLANG_WARN_CONSTANT_CONVERSION = YES;
				CLANG_WARN_DEPRECATED_OBJC_IMPLEMENTATIONS = YES;
				CLANG_WARN_DIRECT_OBJC_ISA_USAGE = YES_ERROR;
				CLANG_WARN_DOCUMENTATION_COMMENTS = YES;
				CLANG_WARN_EMPTY_BODY = YES;
				CLANG_WARN_ENUM_CONVERSION = YES;
				CLANG_WARN_INFINITE_RECURSION = YES;
				CLANG_WARN_INT_CONVERSION = YES;
				CLANG_WARN_NON_LITERAL_NULL_CONVERSION = YES;
				CLANG_WARN_OBJC_IMPLICIT_RETAIN_SELF = YES;
				CLANG_WARN_OBJC_LITERAL_CONVERSION = YES;
				CLANG_WARN_OBJC_ROOT_CLASS = YES_ERROR;
				CLANG_WARN_QUOTED_INCLUDE_IN_FRAMEWORK_HEADER = YES;
				CLANG_WARN_RANGE_LOOP_ANALYSIS = YES;
				CLANG_WARN_STRICT_PROTOTYPES = YES;
				CLANG_WARN_SUSPICIOUS_MOVE = YES;
				CLANG_WARN_UNGUARDED_AVAILABILITY = YES_AGGRESSIVE;
				CLANG_WARN_UNREACHABLE_CODE = YES;
				CLANG_WARN__DUPLICATE_METHOD_MATCH = YES;
				COPY_PHASE_STRIP = NO;
				DEBUG_INFORMATION_FORMAT = dwarf;
				ENABLE_STRICT_OBJC_MSGSEND = YES;
				ENABLE_TESTABILITY = YES;
				ENABLE_USER_SCRIPT_SANDBOXING = YES;
				GCC_C_LANGUAGE_STANDARD = gnu17;
				GCC_DYNAMIC_NO_PIC = NO;
				GCC_NO_COMMON_BLOCKS = YES;
				GCC_OPTIMIZATION_LEVEL = 0;
				GCC_PREPROCESSOR_DEFINITIONS = (
					"DEBUG=1",
					"$(inherited)",
				);
				GCC_WARN_64_TO_32_BIT_CONVERSION = YES;
				GCC_WARN_ABOUT_RETURN_TYPE = YES_ERROR;
				GCC_WARN_UNDECLARED_SELECTOR = YES;
				GCC_WARN_UNINITIALIZED_AUTOS = YES_AGGRESSIVE;
				GCC_WARN_UNUSED_FUNCTION = YES;
				GCC_WARN_UNUSED_VARIABLE = YES;
				IPHONEOS_DEPLOYMENT_TARGET = 17.0;
				LOCALIZATION_PREFERS_STRING_CATALOGS = YES;
				MTL_ENABLE_DEBUG_INFO = INCLUDE_SOURCE;
				MTL_FAST_MATH = YES;
				ONLY_ACTIVE_ARCH = YES;
				SDKROOT = iphoneos;
				SWIFT_ACTIVE_COMPILATION_CONDITIONS = "DEBUG $(inherited)";
				SWIFT_OPTIMIZATION_LEVEL = "-Onone";
			};
			name = Debug;
		};
		8491C2542C6E40AF00A6CC0E /* Release */ = {
			isa = XCBuildConfiguration;
			buildSettings = {
				ALWAYS_SEARCH_USER_PATHS = NO;
				ASSETCATALOG_COMPILER_GENERATE_SWIFT_ASSET_SYMBOL_EXTENSIONS = YES;
				CLANG_ANALYZER_NONNULL = YES;
				CLANG_ANALYZER_NUMBER_OBJECT_CONVERSION = YES_AGGRESSIVE;
				CLANG_CXX_LANGUAGE_STANDARD = "gnu++20";
				CLANG_ENABLE_MODULES = YES;
				CLANG_ENABLE_OBJC_ARC = YES;
				CLANG_ENABLE_OBJC_WEAK = YES;
				CLANG_WARN_BLOCK_CAPTURE_AUTORELEASING = YES;
				CLANG_WARN_BOOL_CONVERSION = YES;
				CLANG_WARN_COMMA = YES;
				CLANG_WARN_CONSTANT_CONVERSION = YES;
				CLANG_WARN_DEPRECATED_OBJC_IMPLEMENTATIONS = YES;
				CLANG_WARN_DIRECT_OBJC_ISA_USAGE = YES_ERROR;
				CLANG_WARN_DOCUMENTATION_COMMENTS = YES;
				CLANG_WARN_EMPTY_BODY = YES;
				CLANG_WARN_ENUM_CONVERSION = YES;
				CLANG_WARN_INFINITE_RECURSION = YES;
				CLANG_WARN_INT_CONVERSION = YES;
				CLANG_WARN_NON_LITERAL_NULL_CONVERSION = YES;
				CLANG_WARN_OBJC_IMPLICIT_RETAIN_SELF = YES;
				CLANG_WARN_OBJC_LITERAL_CONVERSION = YES;
				CLANG_WARN_OBJC_ROOT_CLASS = YES_ERROR;
				CLANG_WARN_QUOTED_INCLUDE_IN_FRAMEWORK_HEADER = YES;
				CLANG_WARN_RANGE_LOOP_ANALYSIS = YES;
				CLANG_WARN_STRICT_PROTOTYPES = YES;
				CLANG_WARN_SUSPICIOUS_MOVE = YES;
				CLANG_WARN_UNGUARDED_AVAILABILITY = YES_AGGRESSIVE;
				CLANG_WARN_UNREACHABLE_CODE = YES;
				CLANG_WARN__DUPLICATE_METHOD_MATCH = YES;
				COPY_PHASE_STRIP = NO;
				DEBUG_INFORMATION_FORMAT = "dwarf-with-dsym";
				ENABLE_NS_ASSERTIONS = NO;
				ENABLE_STRICT_OBJC_MSGSEND = YES;
				ENABLE_USER_SCRIPT_SANDBOXING = YES;
				GCC_C_LANGUAGE_STANDARD = gnu17;
				GCC_NO_COMMON_BLOCKS = YES;
				GCC_WARN_64_TO_32_BIT_CONVERSION = YES;
				GCC_WARN_ABOUT_RETURN_TYPE = YES_ERROR;
				GCC_WARN_UNDECLARED_SELECTOR = YES;
				GCC_WARN_UNINITIALIZED_AUTOS = YES_AGGRESSIVE;
				GCC_WARN_UNUSED_FUNCTION = YES;
				GCC_WARN_UNUSED_VARIABLE = YES;
				IPHONEOS_DEPLOYMENT_TARGET = 17.0;
				LOCALIZATION_PREFERS_STRING_CATALOGS = YES;
				MTL_ENABLE_DEBUG_INFO = NO;
				MTL_FAST_MATH = YES;
				SDKROOT = iphoneos;
				SWIFT_COMPILATION_MODE = wholemodule;
				VALIDATE_PRODUCT = YES;
			};
			name = Release;
		};
		8491C2562C6E40AF00A6CC0E /* Debug */ = {
			isa = XCBuildConfiguration;
			buildSettings = {
				ASSETCATALOG_COMPILER_APPICON_NAME = AppIcon;
				ASSETCATALOG_COMPILER_GLOBAL_ACCENT_COLOR_NAME = AccentColor;
				CODE_SIGN_STYLE = Automatic;
				CURRENT_PROJECT_VERSION = 1;
				DEVELOPMENT_ASSET_PATHS = "\"PruebaTecnicaIDigital/Preview Content\"";
				DEVELOPMENT_TEAM = AB95K5R2N4;
				ENABLE_PREVIEWS = YES;
				GENERATE_INFOPLIST_FILE = YES;
				INFOPLIST_KEY_UIApplicationSceneManifest_Generation = YES;
				INFOPLIST_KEY_UIApplicationSupportsIndirectInputEvents = YES;
				INFOPLIST_KEY_UILaunchScreen_Generation = YES;
				INFOPLIST_KEY_UISupportedInterfaceOrientations_iPad = "UIInterfaceOrientationPortrait UIInterfaceOrientationPortraitUpsideDown UIInterfaceOrientationLandscapeLeft UIInterfaceOrientationLandscapeRight";
				INFOPLIST_KEY_UISupportedInterfaceOrientations_iPhone = "UIInterfaceOrientationPortrait UIInterfaceOrientationLandscapeLeft UIInterfaceOrientationLandscapeRight";
				LD_RUNPATH_SEARCH_PATHS = (
					"$(inherited)",
					"@executable_path/Frameworks",
				);
				MARKETING_VERSION = 1.0;
				PRODUCT_BUNDLE_IDENTIFIER = co.victorsheepman.PruebaTecnicaIDigital;
				PRODUCT_NAME = "$(TARGET_NAME)";
				SWIFT_EMIT_LOC_STRINGS = YES;
				SWIFT_VERSION = 5.0;
				TARGETED_DEVICE_FAMILY = "1,2";
			};
			name = Debug;
		};
		8491C2572C6E40AF00A6CC0E /* Release */ = {
			isa = XCBuildConfiguration;
			buildSettings = {
				ASSETCATALOG_COMPILER_APPICON_NAME = AppIcon;
				ASSETCATALOG_COMPILER_GLOBAL_ACCENT_COLOR_NAME = AccentColor;
				CODE_SIGN_STYLE = Automatic;
				CURRENT_PROJECT_VERSION = 1;
				DEVELOPMENT_ASSET_PATHS = "\"PruebaTecnicaIDigital/Preview Content\"";
				DEVELOPMENT_TEAM = AB95K5R2N4;
				ENABLE_PREVIEWS = YES;
				GENERATE_INFOPLIST_FILE = YES;
				INFOPLIST_KEY_UIApplicationSceneManifest_Generation = YES;
				INFOPLIST_KEY_UIApplicationSupportsIndirectInputEvents = YES;
				INFOPLIST_KEY_UILaunchScreen_Generation = YES;
				INFOPLIST_KEY_UISupportedInterfaceOrientations_iPad = "UIInterfaceOrientationPortrait UIInterfaceOrientationPortraitUpsideDown UIInterfaceOrientationLandscapeLeft UIInterfaceOrientationLandscapeRight";
				INFOPLIST_KEY_UISupportedInterfaceOrientations_iPhone = "UIInterfaceOrientationPortrait UIInterfaceOrientationLandscapeLeft UIInterfaceOrientationLandscapeRight";
				LD_RUNPATH_SEARCH_PATHS = (
					"$(inherited)",
					"@executable_path/Frameworks",
				);
				MARKETING_VERSION = 1.0;
				PRODUCT_BUNDLE_IDENTIFIER = co.victorsheepman.PruebaTecnicaIDigital;
				PRODUCT_NAME = "$(TARGET_NAME)";
				SWIFT_EMIT_LOC_STRINGS = YES;
				SWIFT_VERSION = 5.0;
				TARGETED_DEVICE_FAMILY = "1,2";
			};
			name = Release;
		};
/* End XCBuildConfiguration section */

/* Begin XCConfigurationList section */
		8491C2422C6E40AE00A6CC0E /* Build configuration list for PBXProject "PruebaTecnicaIDigital" */ = {
			isa = XCConfigurationList;
			buildConfigurations = (
				8491C2532C6E40AF00A6CC0E /* Debug */,
				8491C2542C6E40AF00A6CC0E /* Release */,
			);
			defaultConfigurationIsVisible = 0;
			defaultConfigurationName = Release;
		};
		8491C2552C6E40AF00A6CC0E /* Build configuration list for PBXNativeTarget "PruebaTecnicaIDigital" */ = {
			isa = XCConfigurationList;
			buildConfigurations = (
				8491C2562C6E40AF00A6CC0E /* Debug */,
				8491C2572C6E40AF00A6CC0E /* Release */,
			);
			defaultConfigurationIsVisible = 0;
			defaultConfigurationName = Release;
		};
/* End XCConfigurationList section */
	};
	rootObject = 8491C23F2C6E40AE00A6CC0E /* Project object */;
}
